
Microsoft Visual Studio Solution File, Format Version 12.00
# Visual Studio 14
VisualStudioVersion = 14.0.25123.0
MinimumVisualStudioVersion = 10.0.40219.1
Project("{FAE04EC0-301F-11D3-BF4B-00C04F79EFBC}") = "DecisionTech", "DecisionTech\DecisionTech.csproj", "{C8412724-00EF-4D9C-BB7F-36202E54ECA4}"
EndProject
Project("{FAE04EC0-301F-11D3-BF4B-00C04F79EFBC}") = "DecisionTech.Tests", "DecisionTech.Tests\DecisionTech.Tests.csproj", "{F358E08E-FA38-4861-A6F4-8F9956CC77E2}"
EndProject
Project("{2150E333-8FDC-42A3-9474-1A3956D46DE8}") = "Solution Items", "Solution Items", "{9ECF730E-6C78-436C-86D2-495DD8FC5688}"
	ProjectSection(SolutionItems) = preProject
		readme.md = readme.md
	EndProjectSection
EndProject
Global
	GlobalSection(SolutionConfigurationPlatforms) = preSolution
		Debug|Any CPU = Debug|Any CPU
		Release|Any CPU = Release|Any CPU
	EndGlobalSection
	GlobalSection(ProjectConfigurationPlatforms) = postSolution
		{C8412724-00EF-4D9C-BB7F-36202E54ECA4}.Debug|Any CPU.ActiveCfg = Debug|Any CPU
		{C8412724-00EF-4D9C-BB7F-36202E54ECA4}.Debug|Any CPU.Build.0 = Debug|Any CPU
		{C8412724-00EF-4D9C-BB7F-36202E54ECA4}.Release|Any CPU.ActiveCfg = Release|Any CPU
		{C8412724-00EF-4D9C-BB7F-36202E54ECA4}.Release|Any CPU.Build.0 = Release|Any CPU
		{F358E08E-FA38-4861-A6F4-8F9956CC77E2}.Debug|Any CPU.ActiveCfg = Debug|Any CPU
		{F358E08E-FA38-4861-A6F4-8F9956CC77E2}.Debug|Any CPU.Build.0 = Debug|Any CPU
		{F358E08E-FA38-4861-A6F4-8F9956CC77E2}.Release|Any CPU.ActiveCfg = Release|Any CPU
		{F358E08E-FA38-4861-A6F4-8F9956CC77E2}.Release|Any CPU.Build.0 = Release|Any CPU
	EndGlobalSection
	GlobalSection(SolutionProperties) = preSolution
		HideSolutionNode = FALSE
	EndGlobalSection
EndGlobal
